
Microsoft Visual Studio Solution File, Format Version 12.00
# Visual Studio Version 17
VisualStudioVersion = 17.5.33424.131
MinimumVisualStudioVersion = 10.0.40219.1
Project("{9A19103F-16F7-4668-BE54-9A1E7A4F7556}") = "BERTTokenizers", "src\BERTTokenizers.csproj", "{23A1F782-E9DF-422F-96DA-10F4D952BD00}"
EndProject
Project("{FAE04EC0-301F-11D3-BF4B-00C04F79EFBC}") = "Test", "Test\Test.csproj", "{333F458A-F048-4AF6-A48F-2C03549F8A8B}"
EndProject
Global
	GlobalSection(SolutionConfigurationPlatforms) = preSolution
		Debug|Any CPU = Debug|Any CPU
		Release|Any CPU = Release|Any CPU
	EndGlobalSection
	GlobalSection(ProjectConfigurationPlatforms) = postSolution
		{23A1F782-E9DF-422F-96DA-10F4D952BD00}.Debug|Any CPU.ActiveCfg = Debug|Any CPU
		{23A1F782-E9DF-422F-96DA-10F4D952BD00}.Debug|Any CPU.Build.0 = Debug|Any CPU
		{23A1F782-E9DF-422F-96DA-10F4D952BD00}.Release|Any CPU.ActiveCfg = Release|Any CPU
		{23A1F782-E9DF-422F-96DA-10F4D952BD00}.Release|Any CPU.Build.0 = Release|Any CPU
		{333F458A-F048-4AF6-A48F-2C03549F8A8B}.Debug|Any CPU.ActiveCfg = Debug|Any CPU
		{333F458A-F048-4AF6-A48F-2C03549F8A8B}.Debug|Any CPU.Build.0 = Debug|Any CPU
		{333F458A-F048-4AF6-A48F-2C03549F8A8B}.Release|Any CPU.ActiveCfg = Release|Any CPU
		{333F458A-F048-4AF6-A48F-2C03549F8A8B}.Release|Any CPU.Build.0 = Release|Any CPU
	EndGlobalSection
	GlobalSection(SolutionProperties) = preSolution
		HideSolutionNode = FALSE
	EndGlobalSection
	GlobalSection(ExtensibilityGlobals) = postSolution
		SolutionGuid = {79FDFC75-2E13-4DF9-B610-ADFB1AD1E03E}
	EndGlobalSection
EndGlobal
